{
  "nodes": {
    "flake-compat": {
      "flake": false,
      "locked": {
        "lastModified": 1733328505,
        "narHash": "sha256-NeCCThCEP3eCl2l/+27kNNK7QrwZB1IJCrXfrbv5oqU=",
        "owner": "edolstra",
        "repo": "flake-compat",
        "rev": "ff81ac966bb2cae68946d5ed5fc4994f96d0ffec",
        "type": "github"
      },
      "original": {
        "owner": "edolstra",
        "repo": "flake-compat",
        "type": "github"
      }
    },
    "flake-parts": {
      "inputs": {
        "nixpkgs-lib": "nixpkgs-lib"
      },
      "locked": {
        "lastModified": 1749398372,
        "narHash": "sha256-tYBdgS56eXYaWVW3fsnPQ/nFlgWi/Z2Ymhyu21zVM98=",
        "owner": "hercules-ci",
        "repo": "flake-parts",
        "rev": "9305fe4e5c2a6fcf5ba6a3ff155720fbe4076569",
        "type": "github"
      },
      "original": {
        "owner": "hercules-ci",
        "repo": "flake-parts",
        "type": "github"
      }
    },
    "flake-parts_2": {
      "inputs": {
        "nixpkgs-lib": [
          "nixvim",
          "nixpkgs"
        ]
      },
      "locked": {
        "lastModified": 1754487366,
        "narHash": "sha256-pHYj8gUBapuUzKV/kN/tR3Zvqc7o6gdFB9XKXIp1SQ8=",
        "owner": "hercules-ci",
        "repo": "flake-parts",
        "rev": "af66ad14b28a127c5c0f3bbb298218fc63528a18",
        "type": "github"
      },
      "original": {
        "owner": "hercules-ci",
        "repo": "flake-parts",
        "type": "github"
      }
    },
    "flake-utils": {
      "inputs": {
        "systems": "systems"
      },
      "locked": {
        "lastModified": 1731533236,
        "narHash": "sha256-l0KFg5HjrsfsO/JpG+r7fRrqm12kzFHyUHqHCVpMMbI=",
        "owner": "numtide",
        "repo": "flake-utils",
        "rev": "11707dc2f618dd54ca8739b309ec4fc024de578b",
        "type": "github"
      },
      "original": {
        "owner": "numtide",
        "repo": "flake-utils",
        "type": "github"
      }
    },
    "fmway-lib": {
      "inputs": {
        "flake-compat": "flake-compat",
        "infuse-nix": "infuse-nix",
        "nixpkgs": "nixpkgs",
        "read-tree": "read-tree"
      },
      "locked": {
        "lastModified": 1752579487,
        "narHash": "sha256-OM4NKB2Oox6qwgyikXlWhctKxRrZJd1xZENkwDdvLNE=",
        "owner": "fmway",
        "repo": "lib",
        "rev": "fdb057eb832913552e23ed1d1f1e93f12e51b23f",
        "type": "github"
      },
      "original": {
        "owner": "fmway",
        "repo": "lib",
        "type": "github"
      }
    },
    "fmway-modules": {
      "inputs": {
        "fmway-lib": [
          "fmway-lib"
        ]
      },
      "locked": {
        "lastModified": 1752579944,
        "narHash": "sha256-c2TrnWXTTFkrkWzA3HgODDkWb5kwNhFg61xbRhgxTqY=",
        "owner": "fmway",
        "repo": "modules",
        "rev": "be983ef95940903f0af1d2554731dbe7c92a7248",
        "type": "github"
      },
      "original": {
        "owner": "fmway",
        "repo": "modules",
        "type": "github"
      }
    },
    "infuse-nix": {
      "flake": false,
      "locked": {
        "lastModified": 1738726976,
        "narHash": "sha256-N+u3vnK3zyXLUuDj/vr62r9tM7uarhKVCaLHWxjo/YY=",
        "ref": "refs/heads/trunk",
        "rev": "c8fb7397039215e1444c835e36a0da7dc3c743f8",
        "revCount": 48,
        "type": "git",
        "url": "https://codeberg.org/amjoseph/infuse.nix"
      },
      "original": {
        "type": "git",
        "url": "https://codeberg.org/amjoseph/infuse.nix"
      }
    },
    "ixx": {
      "inputs": {
        "flake-utils": [
          "nixvim",
          "nuschtosSearch",
          "flake-utils"
        ],
        "nixpkgs": [
          "nixvim",
          "nuschtosSearch",
          "nixpkgs"
        ]
      },
      "locked": {
        "lastModified": 1748294338,
        "narHash": "sha256-FVO01jdmUNArzBS7NmaktLdGA5qA3lUMJ4B7a05Iynw=",
        "owner": "NuschtOS",
        "repo": "ixx",
        "rev": "cc5f390f7caf265461d4aab37e98d2292ebbdb85",
        "type": "github"
      },
      "original": {
        "owner": "NuschtOS",
        "ref": "v0.0.8",
        "repo": "ixx",
        "type": "github"
      }
    },
    "nixpkgs": {
      "locked": {
        "lastModified": 1744511788,
        "narHash": "sha256-5PVswSsunWhzi6mBwOvuCCUBK+ggcB/idSWCaXvVvr8=",
        "owner": "nix-community",
        "repo": "nixpkgs.lib",
        "rev": "022a1e186f42079dba4f00376697158e068abd79",
        "type": "github"
      },
      "original": {
        "owner": "nix-community",
        "repo": "nixpkgs.lib",
        "type": "github"
      }
    },
    "nixpkgs-lib": {
      "locked": {
        "lastModified": 1748740939,
        "narHash": "sha256-rQaysilft1aVMwF14xIdGS3sj1yHlI6oKQNBRTF40cc=",
        "owner": "nix-community",
        "repo": "nixpkgs.lib",
        "rev": "656a64127e9d791a334452c6b6606d17539476e2",
        "type": "github"
      },
      "original": {
        "owner": "nix-community",
        "repo": "nixpkgs.lib",
        "type": "github"
      }
    },
    "nixpkgs_2": {
      "locked": {
        "lastModified": 1749903597,
        "narHash": "sha256-jp0D4vzBcRKwNZwfY4BcWHemLGUs4JrS3X9w5k/JYDA=",
        "path": "/nix/store/a4wf74piifb6cpmkyisrzjcac62dvf9q-source",
        "rev": "41da1e3ea8e23e094e5e3eeb1e6b830468a7399e",
        "type": "path"
      },
      "original": {
        "id": "nixpkgs",
        "type": "indirect"
      }
    },
    "nixvim": {
      "inputs": {
        "flake-parts": "flake-parts_2",
        "nixpkgs": [
          "nixpkgs"
        ],
        "nuschtosSearch": "nuschtosSearch",
        "systems": "systems_2"
      },
      "locked": {
        "lastModified": 1754921951,
        "narHash": "sha256-KY+/livAp6l3fI8SdNa+CLN/AA4Z038yL/pQL2PaW7g=",
        "owner": "nix-community",
        "repo": "nixvim",
        "rev": "7b53322d75a1c66f84fb145e4b5f0f411d9edc6b",
        "type": "github"
      },
      "original": {
        "owner": "nix-community",
        "repo": "nixvim",
        "type": "github"
      }
    },
    "nuschtosSearch": {
      "inputs": {
        "flake-utils": "flake-utils",
        "ixx": "ixx",
        "nixpkgs": [
          "nixvim",
          "nixpkgs"
        ]
      },
      "locked": {
        "lastModified": 1754301638,
        "narHash": "sha256-aRgzcPDd2axHFOuMlPLuzmDptUM2JU8mUL3jfgbBeyc=",
        "owner": "NuschtOS",
        "repo": "search",
        "rev": "a60091045273484c040a91f5c229ba298f8ecc27",
        "type": "github"
      },
      "original": {
        "owner": "NuschtOS",
        "repo": "search",
        "type": "github"
      }
    },
    "read-tree": {
      "flake": false,
      "locked": {
        "narHash": "sha256-ck7TY8bBNft80Qz8oldx+1LSVytTG9y7SLV9vT18eAo=",
        "type": "file",
        "url": "https://code.tvl.fyi/plain/nix/readTree/default.nix"
      },
      "original": {
        "type": "file",
        "url": "https://code.tvl.fyi/plain/nix/readTree/default.nix"
      }
    },
    "root": {
      "inputs": {
        "flake-parts": "flake-parts",
        "fmway-lib": "fmway-lib",
        "fmway-modules": "fmway-modules",
        "nixpkgs": "nixpkgs_2",
        "nixvim": "nixvim",
        "systems": "systems_3"
      }
    },
    "systems": {
      "locked": {
        "lastModified": 1681028828,
        "narHash": "sha256-Vy1rq5AaRuLzOxct8nz4T6wlgyUR7zLU309k9mBC768=",
        "owner": "nix-systems",
        "repo": "default",
        "rev": "da67096a3b9bf56a91d16901293e51ba5b49a27e",
        "type": "github"
      },
      "original": {
        "owner": "nix-systems",
        "repo": "default",
        "type": "github"
      }
    },
    "systems_2": {
      "locked": {
        "lastModified": 1681028828,
        "narHash": "sha256-Vy1rq5AaRuLzOxct8nz4T6wlgyUR7zLU309k9mBC768=",
        "owner": "nix-systems",
        "repo": "default",
        "rev": "da67096a3b9bf56a91d16901293e51ba5b49a27e",
        "type": "github"
      },
      "original": {
        "owner": "nix-systems",
        "repo": "default",
        "type": "github"
      }
    },
    "systems_3": {
      "locked": {
        "lastModified": 1681028828,
        "narHash": "sha256-Vy1rq5AaRuLzOxct8nz4T6wlgyUR7zLU309k9mBC768=",
        "owner": "nix-systems",
        "repo": "default",
        "rev": "da67096a3b9bf56a91d16901293e51ba5b49a27e",
        "type": "github"
      },
      "original": {
        "owner": "nix-systems",
        "repo": "default",
        "type": "github"
      }
    }
  },
  "root": "root",
  "version": 7
}
